
Microsoft Visual Studio Solution File, Format Version 9.00
# Visual Studio 2005
Project("{8BC9CEB8-8B4A-11D0-8D11-00A0C91BC942}") = "LiveDesk", "LiveDesk\LiveDesk.vcproj", "{2DC0CCBE-525B-48C1-9678-3B7DD8BDC6FD}"
	ProjectSection(ProjectDependencies) = postProject
		{B00D0B5C-2CDF-4E45-A910-C79D4BFBB00F} = {B00D0B5C-2CDF-4E45-A910-C79D4BFBB00F}
		{12CE63C5-0C91-4196-8EDF-8AB731F64AC4} = {12CE63C5-0C91-4196-8EDF-8AB731F64AC4}
		{8E22D8E2-28F4-4C20-A476-C2B2A003D214} = {8E22D8E2-28F4-4C20-A476-C2B2A003D214}
		{14CD77DB-F451-4C13-BCF4-B93A786091D0} = {14CD77DB-F451-4C13-BCF4-B93A786091D0}
	EndProjectSection
EndProject
Project("{8BC9CEB8-8B4A-11D0-8D11-00A0C91BC942}") = "LibRTSP", "LibRTSP\LibRTSP.vcproj", "{14CD77DB-F451-4C13-BCF4-B93A786091D0}"
EndProject
Project("{8BC9CEB8-8B4A-11D0-8D11-00A0C91BC942}") = "Mp4Recorder", "Mp4Recorder\Mp4Recorder.vcproj", "{8E22D8E2-28F4-4C20-A476-C2B2A003D214}"
EndProject
Project("{8BC9CEB8-8B4A-11D0-8D11-00A0C91BC942}") = "RtmpPusher", "RtmpPusher\RtmpPusher.vcproj", "{12CE63C5-0C91-4196-8EDF-8AB731F64AC4}"
EndProject
Project("{8BC9CEB8-8B4A-11D0-8D11-00A0C91BC942}") = "avkcp", "avkcp\avkcp.vcproj", "{B00D0B5C-2CDF-4E45-A910-C79D4BFBB00F}"
EndProject
Global
	GlobalSection(SolutionConfigurationPlatforms) = preSolution
		Debug|Win32 = Debug|Win32
		Release|Win32 = Release|Win32
	EndGlobalSection
	GlobalSection(ProjectConfigurationPlatforms) = postSolution
		{2DC0CCBE-525B-48C1-9678-3B7DD8BDC6FD}.Debug|Win32.ActiveCfg = Debug|Win32
		{2DC0CCBE-525B-48C1-9678-3B7DD8BDC6FD}.Debug|Win32.Build.0 = Debug|Win32
		{2DC0CCBE-525B-48C1-9678-3B7DD8BDC6FD}.Release|Win32.ActiveCfg = Release|Win32
		{2DC0CCBE-525B-48C1-9678-3B7DD8BDC6FD}.Release|Win32.Build.0 = Release|Win32
		{14CD77DB-F451-4C13-BCF4-B93A786091D0}.Debug|Win32.ActiveCfg = Debug|Win32
		{14CD77DB-F451-4C13-BCF4-B93A786091D0}.Debug|Win32.Build.0 = Debug|Win32
		{14CD77DB-F451-4C13-BCF4-B93A786091D0}.Release|Win32.ActiveCfg = Release|Win32
		{14CD77DB-F451-4C13-BCF4-B93A786091D0}.Release|Win32.Build.0 = Release|Win32
		{8E22D8E2-28F4-4C20-A476-C2B2A003D214}.Debug|Win32.ActiveCfg = Debug|Win32
		{8E22D8E2-28F4-4C20-A476-C2B2A003D214}.Debug|Win32.Build.0 = Debug|Win32
		{8E22D8E2-28F4-4C20-A476-C2B2A003D214}.Release|Win32.ActiveCfg = Release|Win32
		{8E22D8E2-28F4-4C20-A476-C2B2A003D214}.Release|Win32.Build.0 = Release|Win32
		{12CE63C5-0C91-4196-8EDF-8AB731F64AC4}.Debug|Win32.ActiveCfg = Debug|Win32
		{12CE63C5-0C91-4196-8EDF-8AB731F64AC4}.Debug|Win32.Build.0 = Debug|Win32
		{12CE63C5-0C91-4196-8EDF-8AB731F64AC4}.Release|Win32.ActiveCfg = Release|Win32
		{12CE63C5-0C91-4196-8EDF-8AB731F64AC4}.Release|Win32.Build.0 = Release|Win32
		{B00D0B5C-2CDF-4E45-A910-C79D4BFBB00F}.Debug|Win32.ActiveCfg = Debug|Win32
		{B00D0B5C-2CDF-4E45-A910-C79D4BFBB00F}.Debug|Win32.Build.0 = Debug|Win32
		{B00D0B5C-2CDF-4E45-A910-C79D4BFBB00F}.Release|Win32.ActiveCfg = Release|Win32
		{B00D0B5C-2CDF-4E45-A910-C79D4BFBB00F}.Release|Win32.Build.0 = Release|Win32
	EndGlobalSection
	GlobalSection(SolutionProperties) = preSolution
		HideSolutionNode = FALSE
	EndGlobalSection
EndGlobal
